{
  "name": "status",
  "version": "1.0.0",
  "lockfileVersion": 1,
  "requires": true,
  "dependencies": {
    "its": {
      "version": "1.0.2",
      "resolved": "http://registry.npm.taobao.org/its/download/its-1.0.2.tgz",
      "integrity": "sha1-Qj9Fu6mVpZxo0ez46EjcEIkbTNI=",
      "dev": true
    },
    "json-over-tcp": {
      "version": "0.3.2",
      "resolved": "http://registry.npm.taobao.org/json-over-tcp/download/json-over-tcp-0.3.2.tgz",
      "integrity": "sha1-ovEUXm/EWUn8c80Lc4oDAEvqcvM=",
      "dev": true,
      "requires": {
        "its": "1.0.2"
      }
    }
  }
}
